
Microsoft Visual Studio Solution File, Format Version 12.00
# Visual Studio Version 16
VisualStudioVersion = 16.0.31911.196
MinimumVisualStudioVersion = 10.0.40219.1
Project("{FAE04EC0-301F-11D3-BF4B-00C04F79EFBC}") = "T2PlanningApi", "T2PlanningApi\T2PlanningApi.csproj", "{C40AF762-F437-4E66-9EC6-9DD34F4DF4BB}"
EndProject
Global
	GlobalSection(SolutionConfigurationPlatforms) = preSolution
		Debug|Any CPU = Debug|Any CPU
		Release|Any CPU = Release|Any CPU
	EndGlobalSection
	GlobalSection(ProjectConfigurationPlatforms) = postSolution
		{C40AF762-F437-4E66-9EC6-9DD34F4DF4BB}.Debug|Any CPU.ActiveCfg = Debug|Any CPU
		{C40AF762-F437-4E66-9EC6-9DD34F4DF4BB}.Debug|Any CPU.Build.0 = Debug|Any CPU
		{C40AF762-F437-4E66-9EC6-9DD34F4DF4BB}.Release|Any CPU.ActiveCfg = Release|Any CPU
		{C40AF762-F437-4E66-9EC6-9DD34F4DF4BB}.Release|Any CPU.Build.0 = Release|Any CPU
	EndGlobalSection
	GlobalSection(SolutionProperties) = preSolution
		HideSolutionNode = FALSE
	EndGlobalSection
	GlobalSection(ExtensibilityGlobals) = postSolution
		SolutionGuid = {7327EAA9-B4B2-475B-9E8E-56775CF95982}
	EndGlobalSection
EndGlobal
